<?xml version="1.0" encoding="utf-8"?>
<Project ToolsVersion="4.0" xmlns="http://schemas.microsoft.com/developer/msbuild/2003">
  <ItemGroup>
    <ClCompile Include="Armas.cpp" />
    <ClCompile Include="Bala.cpp" />
    <ClCompile Include="BossFinal.cpp" />
    <ClCompile Include="Boton.cpp" />
    <ClCompile Include="CinematicaInicial.cpp" />
    <ClCompile Include="Combinaciones.cpp" />
    <ClCompile Include="Enemigo.cpp" />
    <ClCompile Include="Enemigo1.cpp" />
    <ClCompile Include="Enemigo2.cpp" />
    <ClCompile Include="Enemigo3.cpp" />
    <ClCompile Include="Enemigo4.cpp" />
    <ClCompile Include="Enemigo5.cpp" />
    <ClCompile Include="Entidad.cpp" />
    <ClCompile Include="Fuente.cpp" />
    <ClCompile Include="GameOver.cpp" />
    <ClCompile Include="Interruptor.cpp" />
    <ClCompile Include="Juego.cpp" />
    <ClCompile Include="JuegoSDL.cpp" />
    <ClCompile Include="main.cpp" />
    <ClCompile Include="Mapa.cpp" />
    <ClCompile Include="Menu.cpp" />
    <ClCompile Include="MenuInicio.cpp" />
    <ClCompile Include="Mundo.cpp" />
    <ClCompile Include="Musica.cpp" />
    <ClCompile Include="Pausa.cpp" />
    <ClCompile Include="Personaje.cpp" />
    <ClCompile Include="Pildoras.cpp" />
    <ClCompile Include="RecursosSDL.cpp" />
    <ClCompile Include="TexturasSDL.cpp" />
    <ClCompile Include="Tile.cpp" />
    <ClCompile Include="DoctorT.cpp" />
  </ItemGroup>
  <ItemGroup>
    <ClInclude Include="Armas.h" />
    <ClInclude Include="Bala.h" />
    <ClInclude Include="BossFinal.h" />
    <ClInclude Include="Boton.h" />
    <ClInclude Include="checkML.h" />
    <ClInclude Include="CinematicaInicial.h" />
    <ClInclude Include="Combinaciones.h" />
    <ClInclude Include="Enemigo.h" />
    <ClInclude Include="Enemigo1.h" />
    <ClInclude Include="Enemigo2.h" />
    <ClInclude Include="Enemigo3.h" />
    <ClInclude Include="Enemigo4.h" />
    <ClInclude Include="Enemigo5.h" />
    <ClInclude Include="Entidad.h" />
    <ClInclude Include="EntidadJuego.h" />
    <ClInclude Include="Error.h" />
    <ClInclude Include="EstadoJuego.h" />
    <ClInclude Include="Fuente.h" />
    <ClInclude Include="GameOver.h" />
    <ClInclude Include="Interruptor.h" />
    <ClInclude Include="Juego.h" />
    <ClInclude Include="JuegoSDL.h" />
    <ClInclude Include="Mapa.h" />
    <ClInclude Include="Menu.h" />
    <ClInclude Include="MenuInicio.h" />
    <ClInclude Include="Mundo.h" />
    <ClInclude Include="MundoVirtual.h" />
    <ClInclude Include="Musica.h" />
    <ClInclude Include="Pausa.h" />
    <ClInclude Include="Personaje.h" />
    <ClInclude Include="Pildoras.h" />
    <ClInclude Include="RecursosSDL.h" />
    <ClInclude Include="TexturasSDL.h" />
    <ClInclude Include="Tile.h" />
    <ClInclude Include="DoctorT.h" />
  </ItemGroup>
  <ItemGroup>
    <None Include="ClassDiagram.cd" />
  </ItemGroup>
</Project>